
Microsoft Visual Studio Solution File, Format Version 12.00
# Visual Studio Version 17
VisualStudioVersion = 17.8.34525.116
MinimumVisualStudioVersion = 10.0.40219.1
Project("{FAE04EC0-301F-11D3-BF4B-00C04F79EFBC}") = "RecipeManager2WPF", "RecipeManager2WPF.csproj", "{23DEE56B-3621-49EE-BA6A-C3C4FD30EA7F}"
EndProject
Global
	GlobalSection(SolutionConfigurationPlatforms) = preSolution
		Debug|Any CPU = Debug|Any CPU
		Release|Any CPU = Release|Any CPU
	EndGlobalSection
	GlobalSection(ProjectConfigurationPlatforms) = postSolution
		{23DEE56B-3621-49EE-BA6A-C3C4FD30EA7F}.Debug|Any CPU.ActiveCfg = Debug|Any CPU
		{23DEE56B-3621-49EE-BA6A-C3C4FD30EA7F}.Debug|Any CPU.Build.0 = Debug|Any CPU
		{23DEE56B-3621-49EE-BA6A-C3C4FD30EA7F}.Release|Any CPU.ActiveCfg = Release|Any CPU
		{23DEE56B-3621-49EE-BA6A-C3C4FD30EA7F}.Release|Any CPU.Build.0 = Release|Any CPU
	EndGlobalSection
	GlobalSection(SolutionProperties) = preSolution
		HideSolutionNode = FALSE
	EndGlobalSection
	GlobalSection(ExtensibilityGlobals) = postSolution
		SolutionGuid = {A0E2FBAF-3BAF-4327-8A15-F7E402EB1525}
	EndGlobalSection
EndGlobal
